
Microsoft Visual Studio Solution File, Format Version 12.00
#
Project("{FAE04EC0-301F-11D3-BF4B-00C04F79EFBC}") = "quested_backend.API", "quested_backend.API\quested_backend.API.csproj", "{A7111893-A294-48EE-B67A-DBE53894E083}"
EndProject
Project("{FAE04EC0-301F-11D3-BF4B-00C04F79EFBC}") = "quested_backend.Domain", "quested_backend.Domain\quested_backend.Domain.csproj", "{5F14F815-8E40-4C25-AF01-2CDB29F1AC74}"
EndProject
Project("{FAE04EC0-301F-11D3-BF4B-00C04F79EFBC}") = "quested_backend.Infrastructure", "quested_backend.Infrastructure\quested_backend.Infrastructure.csproj", "{79C261C6-D211-47F3-8AF2-FF3164664C1D}"
EndProject
Project("{FAE04EC0-301F-11D3-BF4B-00C04F79EFBC}") = "quested_backend.Infrastructure.Tests", "quested_backend.Infrastructure.Tests\quested_backend.Infrastructure.Tests.csproj", "{A88A5CCE-E92F-42D0-AD4D-371DD56FA52A}"
EndProject
Project("{FAE04EC0-301F-11D3-BF4B-00C04F79EFBC}") = "quested_backend.Fixtures", "quested_backend.Fixtures\quested_backend.Fixtures.csproj", "{E3DBEEA3-1F92-407F-849B-97B330268AE0}"
EndProject
Project("{FAE04EC0-301F-11D3-BF4B-00C04F79EFBC}") = "quested_backend.Domain.Tests", "quested_backend.Domain.Tests\quested_backend.Domain.Tests.csproj", "{DBAB7018-5149-4CAE-906D-054627160911}"
EndProject
Project("{FAE04EC0-301F-11D3-BF4B-00C04F79EFBC}") = "quested_backend.API.Tests", "quested_backend.API.Tests\quested_backend.API.Tests.csproj", "{1C2A002D-EF5D-4992-B66D-FEF4079BD124}"
EndProject
Global
	GlobalSection(SolutionConfigurationPlatforms) = preSolution
		Debug|Any CPU = Debug|Any CPU
		Release|Any CPU = Release|Any CPU
	EndGlobalSection
	GlobalSection(ProjectConfigurationPlatforms) = postSolution
		{A7111893-A294-48EE-B67A-DBE53894E083}.Debug|Any CPU.ActiveCfg = Debug|Any CPU
		{A7111893-A294-48EE-B67A-DBE53894E083}.Debug|Any CPU.Build.0 = Debug|Any CPU
		{A7111893-A294-48EE-B67A-DBE53894E083}.Release|Any CPU.ActiveCfg = Release|Any CPU
		{A7111893-A294-48EE-B67A-DBE53894E083}.Release|Any CPU.Build.0 = Release|Any CPU
		{5F14F815-8E40-4C25-AF01-2CDB29F1AC74}.Debug|Any CPU.ActiveCfg = Debug|Any CPU
		{5F14F815-8E40-4C25-AF01-2CDB29F1AC74}.Debug|Any CPU.Build.0 = Debug|Any CPU
		{5F14F815-8E40-4C25-AF01-2CDB29F1AC74}.Release|Any CPU.ActiveCfg = Release|Any CPU
		{5F14F815-8E40-4C25-AF01-2CDB29F1AC74}.Release|Any CPU.Build.0 = Release|Any CPU
		{79C261C6-D211-47F3-8AF2-FF3164664C1D}.Debug|Any CPU.ActiveCfg = Debug|Any CPU
		{79C261C6-D211-47F3-8AF2-FF3164664C1D}.Debug|Any CPU.Build.0 = Debug|Any CPU
		{79C261C6-D211-47F3-8AF2-FF3164664C1D}.Release|Any CPU.ActiveCfg = Release|Any CPU
		{79C261C6-D211-47F3-8AF2-FF3164664C1D}.Release|Any CPU.Build.0 = Release|Any CPU
		{A88A5CCE-E92F-42D0-AD4D-371DD56FA52A}.Debug|Any CPU.ActiveCfg = Debug|Any CPU
		{A88A5CCE-E92F-42D0-AD4D-371DD56FA52A}.Debug|Any CPU.Build.0 = Debug|Any CPU
		{A88A5CCE-E92F-42D0-AD4D-371DD56FA52A}.Release|Any CPU.ActiveCfg = Release|Any CPU
		{A88A5CCE-E92F-42D0-AD4D-371DD56FA52A}.Release|Any CPU.Build.0 = Release|Any CPU
		{E3DBEEA3-1F92-407F-849B-97B330268AE0}.Debug|Any CPU.ActiveCfg = Debug|Any CPU
		{E3DBEEA3-1F92-407F-849B-97B330268AE0}.Debug|Any CPU.Build.0 = Debug|Any CPU
		{E3DBEEA3-1F92-407F-849B-97B330268AE0}.Release|Any CPU.ActiveCfg = Release|Any CPU
		{E3DBEEA3-1F92-407F-849B-97B330268AE0}.Release|Any CPU.Build.0 = Release|Any CPU
		{DBAB7018-5149-4CAE-906D-054627160911}.Debug|Any CPU.ActiveCfg = Debug|Any CPU
		{DBAB7018-5149-4CAE-906D-054627160911}.Debug|Any CPU.Build.0 = Debug|Any CPU
		{DBAB7018-5149-4CAE-906D-054627160911}.Release|Any CPU.ActiveCfg = Release|Any CPU
		{DBAB7018-5149-4CAE-906D-054627160911}.Release|Any CPU.Build.0 = Release|Any CPU
		{1C2A002D-EF5D-4992-B66D-FEF4079BD124}.Debug|Any CPU.ActiveCfg = Debug|Any CPU
		{1C2A002D-EF5D-4992-B66D-FEF4079BD124}.Debug|Any CPU.Build.0 = Debug|Any CPU
		{1C2A002D-EF5D-4992-B66D-FEF4079BD124}.Release|Any CPU.ActiveCfg = Release|Any CPU
		{1C2A002D-EF5D-4992-B66D-FEF4079BD124}.Release|Any CPU.Build.0 = Release|Any CPU
	EndGlobalSection
EndGlobal
